
Microsoft Visual Studio Solution File, Format Version 12.00
# Visual Studio Version 17
VisualStudioVersion = 17.4.33110.190
MinimumVisualStudioVersion = 10.0.40219.1
Project("{FAE04EC0-301F-11D3-BF4B-00C04F79EFBC}") = "Square into Squares. Protect trees!", "Square into Squares. Protect trees!\Square into Squares. Protect trees!.csproj", "{75355B5D-8CE9-4B01-8114-BC56258C217D}"
EndProject
Global
	GlobalSection(SolutionConfigurationPlatforms) = preSolution
		Debug|Any CPU = Debug|Any CPU
		Release|Any CPU = Release|Any CPU
	EndGlobalSection
	GlobalSection(ProjectConfigurationPlatforms) = postSolution
		{75355B5D-8CE9-4B01-8114-BC56258C217D}.Debug|Any CPU.ActiveCfg = Debug|Any CPU
		{75355B5D-8CE9-4B01-8114-BC56258C217D}.Debug|Any CPU.Build.0 = Debug|Any CPU
		{75355B5D-8CE9-4B01-8114-BC56258C217D}.Release|Any CPU.ActiveCfg = Release|Any CPU
		{75355B5D-8CE9-4B01-8114-BC56258C217D}.Release|Any CPU.Build.0 = Release|Any CPU
	EndGlobalSection
	GlobalSection(SolutionProperties) = preSolution
		HideSolutionNode = FALSE
	EndGlobalSection
	GlobalSection(ExtensibilityGlobals) = postSolution
		SolutionGuid = {58A1A05E-CC00-4F68-8D3A-8779D2DD2408}
	EndGlobalSection
EndGlobal
